
Microsoft Visual Studio Solution File, Format Version 12.00
# Visual Studio Version 17
VisualStudioVersion = 17.10.35013.160
MinimumVisualStudioVersion = 10.0.40219.1
Project("{2150E333-8FDC-42A3-9474-1A3956D46DE8}") = "Task1", "Task1", "{53FBC54C-10D9-4562-8F16-1F86BB5C4604}"
EndProject
Project("{2150E333-8FDC-42A3-9474-1A3956D46DE8}") = "Task2", "Task2", "{A8A42F65-F221-414C-A9CD-E31D59AA6A54}"
EndProject
Project("{2150E333-8FDC-42A3-9474-1A3956D46DE8}") = "Task3", "Task3", "{2C7FB21A-F863-4C14-BEF7-B48BC0D85BCD}"
EndProject
Project("{2150E333-8FDC-42A3-9474-1A3956D46DE8}") = "Task4", "Task4", "{46D85E4F-789B-4106-A8D6-F24E08EFF6AF}"
EndProject
Project("{2150E333-8FDC-42A3-9474-1A3956D46DE8}") = "Task5", "Task5", "{5F7CBF6E-EDE8-4EC8-97C6-68BB43D6AF3D}"
EndProject
Project("{2150E333-8FDC-42A3-9474-1A3956D46DE8}") = "Task6", "Task6", "{CF774516-90C4-45CF-BE29-E3920A4FA59B}"
EndProject
Project("{2150E333-8FDC-42A3-9474-1A3956D46DE8}") = "Task7", "Task7", "{9D08ADBF-6165-4356-9DA3-3C07EBF65F0D}"
EndProject
Project("{2150E333-8FDC-42A3-9474-1A3956D46DE8}") = "Task0", "Task0", "{F0B0DB84-FF83-46A2-B98D-36FADFC1164F}"
EndProject
Project("{FAE04EC0-301F-11D3-BF4B-00C04F79EFBC}") = "Tyuiu.SenachevAV.Sprint3.Task0.V3", "Tyuiu.SenachevAV.Sprint3.Task0.V3\Tyuiu.SenachevAV.Sprint3.Task0.V3.csproj", "{47E38DAF-C764-445C-8F31-6CC9063DBD6A}"
EndProject
Project("{FAE04EC0-301F-11D3-BF4B-00C04F79EFBC}") = "Tyuiu.SenachevAV.Sprint3.Task0.V3.Test", "Tyuiu.SenachevAV.Sprint3.Task0.V3.Test\Tyuiu.SenachevAV.Sprint3.Task0.V3.Test.csproj", "{867CEB29-B468-459A-ABAB-99E219C7DC23}"
EndProject
Project("{FAE04EC0-301F-11D3-BF4B-00C04F79EFBC}") = "Tyuiu.SenachevAV.Sprint3.Task0.V3.Lib", "Tyuiu.SenachevAV.Sprint3.Task0.V3.Lib\Tyuiu.SenachevAV.Sprint3.Task0.V3.Lib.csproj", "{C8380FFC-58C4-474F-B3A5-D64EE3E1F12F}"
EndProject
Project("{FAE04EC0-301F-11D3-BF4B-00C04F79EFBC}") = "Tyuiu.SenachevAV.Sprint3.Task1.V20", "Tyuiu.SenachevAV.Sprint3.Task1.V20\Tyuiu.SenachevAV.Sprint3.Task1.V20.csproj", "{46F7629E-AB0F-4664-8BF1-47D84A28680E}"
EndProject
Project("{FAE04EC0-301F-11D3-BF4B-00C04F79EFBC}") = "Tyuiu.SenachevAV.Sprint3.Task1.V20.Lib", "Tyuiu.SenachevAV.Sprint3.Task1.V20.Lib\Tyuiu.SenachevAV.Sprint3.Task1.V20.Lib.csproj", "{9E1CE58D-8A73-45D2-A284-78D2C4FAC584}"
EndProject
Project("{FAE04EC0-301F-11D3-BF4B-00C04F79EFBC}") = "Tyuiu.SenachevAV.Sprint3.Task1.V20.Test", "Tyuiu.SenachevAV.Sprint3.Task1.V20.Test\Tyuiu.SenachevAV.Sprint3.Task1.V20.Test.csproj", "{C438017D-725C-4E5F-824A-A5C964196C79}"
EndProject
Project("{FAE04EC0-301F-11D3-BF4B-00C04F79EFBC}") = "Tyuiu.SenachevAV.Sprint3.Task2.V11", "Tyuiu.SenachevAV.Sprint3.Task2.V11\Tyuiu.SenachevAV.Sprint3.Task2.V11.csproj", "{9F6A58A9-2E51-42B8-BF6C-E7E144CA00FF}"
EndProject
Project("{FAE04EC0-301F-11D3-BF4B-00C04F79EFBC}") = "Tyuiu.SenachevAV.Sprint3.Task2.V11.Test", "Tyuiu.SenachevAV.Sprint3.Task2.V11.Test\Tyuiu.SenachevAV.Sprint3.Task2.V11.Test.csproj", "{9FE80806-3EC0-4812-AD87-0DB460E75A2B}"
EndProject
Project("{FAE04EC0-301F-11D3-BF4B-00C04F79EFBC}") = "Tyuiu.SenachevAV.Sprint3.Task2.V11.Lib", "Tyuiu.SenachevAV.Sprint3.Task2.V11.Lib\Tyuiu.SenachevAV.Sprint3.Task2.V11.Lib.csproj", "{996F1F5F-7D76-446C-9C80-384478891F1E}"
EndProject
Project("{FAE04EC0-301F-11D3-BF4B-00C04F79EFBC}") = "Tyuiu.SenachevAV.Sprint3.Task3.V24", "Tyuiu.SenachevAV.Sprint3.Task3.V24\Tyuiu.SenachevAV.Sprint3.Task3.V24.csproj", "{1B293FBA-1308-4168-8952-850AFC271A17}"
EndProject
Project("{FAE04EC0-301F-11D3-BF4B-00C04F79EFBC}") = "Tyuiu.SenachevAV.Sprint3.Task3.V24.Lib", "Tyuiu.SenachevAV.Sprint3.Task3.V24.Lib\Tyuiu.SenachevAV.Sprint3.Task3.V24.Lib.csproj", "{46218EF8-D92D-49AE-8338-82482852EBF2}"
EndProject
Project("{FAE04EC0-301F-11D3-BF4B-00C04F79EFBC}") = "Tyuiu.SenachevAV.Sprint3.Task3.V24.Test", "Tyuiu.SenachevAV.Sprint3.Task3.V24.Test\Tyuiu.SenachevAV.Sprint3.Task3.V24.Test.csproj", "{E0914F4E-A7E4-44D6-A688-093CC4011B97}"
EndProject
Project("{FAE04EC0-301F-11D3-BF4B-00C04F79EFBC}") = "Tyuiu.SenachevAV.Sprint3.Task4.V19", "Tyuiu.SenachevAV.Sprint3.Task4.V19\Tyuiu.SenachevAV.Sprint3.Task4.V19.csproj", "{C8F64A10-D1F1-4915-A19F-F5E296435EBF}"
EndProject
Project("{FAE04EC0-301F-11D3-BF4B-00C04F79EFBC}") = "Tyuiu.SenachevAV.Sprint3.Task4.V19.Test", "Tyuiu.SenachevAV.Sprint3.Task4.V19.Test\Tyuiu.SenachevAV.Sprint3.Task4.V19.Test.csproj", "{5A4EDE08-9308-4C04-95DA-250CC6A9E052}"
EndProject
Project("{FAE04EC0-301F-11D3-BF4B-00C04F79EFBC}") = "Tyuiu.SenachevAV.Sprint3.Task4.V19.Lib", "Tyuiu.SenachevAV.Sprint3.Task4.V19.Lib\Tyuiu.SenachevAV.Sprint3.Task4.V19.Lib.csproj", "{6E9D9453-CC8E-4A67-87DF-0CC93108E8D8}"
EndProject
Project("{FAE04EC0-301F-11D3-BF4B-00C04F79EFBC}") = "Tyuiu.SenachevAV.Sprint3.Task5.V4", "Tyuiu.SenachevAV.Sprint3.Task5.V4\Tyuiu.SenachevAV.Sprint3.Task5.V4.csproj", "{F7A6F5B6-F1E0-4E63-B969-707C5597A2E9}"
EndProject
Project("{FAE04EC0-301F-11D3-BF4B-00C04F79EFBC}") = "Tyuiu.SenachevAV.Sprint3.Task5.V4.Test", "Tyuiu.SenachevAV.Sprint3.Task5.V4.Test\Tyuiu.SenachevAV.Sprint3.Task5.V4.Test.csproj", "{25DC61F3-B0C5-4030-9029-585250DFB623}"
EndProject
Project("{FAE04EC0-301F-11D3-BF4B-00C04F79EFBC}") = "Tyuiu.SenachevAV.Sprint3.Task5.V4.Lib", "Tyuiu.SenachevAV.Sprint3.Task5.V4.Lib\Tyuiu.SenachevAV.Sprint3.Task5.V4.Lib.csproj", "{FC6B6148-2804-48A8-B77F-73DB47DFE0D0}"
EndProject
Global
	GlobalSection(SolutionConfigurationPlatforms) = preSolution
		Debug|Any CPU = Debug|Any CPU
		Release|Any CPU = Release|Any CPU
	EndGlobalSection
	GlobalSection(ProjectConfigurationPlatforms) = postSolution
		{47E38DAF-C764-445C-8F31-6CC9063DBD6A}.Debug|Any CPU.ActiveCfg = Debug|Any CPU
		{47E38DAF-C764-445C-8F31-6CC9063DBD6A}.Debug|Any CPU.Build.0 = Debug|Any CPU
		{47E38DAF-C764-445C-8F31-6CC9063DBD6A}.Release|Any CPU.ActiveCfg = Release|Any CPU
		{47E38DAF-C764-445C-8F31-6CC9063DBD6A}.Release|Any CPU.Build.0 = Release|Any CPU
		{867CEB29-B468-459A-ABAB-99E219C7DC23}.Debug|Any CPU.ActiveCfg = Debug|Any CPU
		{867CEB29-B468-459A-ABAB-99E219C7DC23}.Debug|Any CPU.Build.0 = Debug|Any CPU
		{867CEB29-B468-459A-ABAB-99E219C7DC23}.Release|Any CPU.ActiveCfg = Release|Any CPU
		{867CEB29-B468-459A-ABAB-99E219C7DC23}.Release|Any CPU.Build.0 = Release|Any CPU
		{C8380FFC-58C4-474F-B3A5-D64EE3E1F12F}.Debug|Any CPU.ActiveCfg = Debug|Any CPU
		{C8380FFC-58C4-474F-B3A5-D64EE3E1F12F}.Debug|Any CPU.Build.0 = Debug|Any CPU
		{C8380FFC-58C4-474F-B3A5-D64EE3E1F12F}.Release|Any CPU.ActiveCfg = Release|Any CPU
		{C8380FFC-58C4-474F-B3A5-D64EE3E1F12F}.Release|Any CPU.Build.0 = Release|Any CPU
		{46F7629E-AB0F-4664-8BF1-47D84A28680E}.Debug|Any CPU.ActiveCfg = Debug|Any CPU
		{46F7629E-AB0F-4664-8BF1-47D84A28680E}.Debug|Any CPU.Build.0 = Debug|Any CPU
		{46F7629E-AB0F-4664-8BF1-47D84A28680E}.Release|Any CPU.ActiveCfg = Release|Any CPU
		{46F7629E-AB0F-4664-8BF1-47D84A28680E}.Release|Any CPU.Build.0 = Release|Any CPU
		{9E1CE58D-8A73-45D2-A284-78D2C4FAC584}.Debug|Any CPU.ActiveCfg = Debug|Any CPU
		{9E1CE58D-8A73-45D2-A284-78D2C4FAC584}.Debug|Any CPU.Build.0 = Debug|Any CPU
		{9E1CE58D-8A73-45D2-A284-78D2C4FAC584}.Release|Any CPU.ActiveCfg = Release|Any CPU
		{9E1CE58D-8A73-45D2-A284-78D2C4FAC584}.Release|Any CPU.Build.0 = Release|Any CPU
		{C438017D-725C-4E5F-824A-A5C964196C79}.Debug|Any CPU.ActiveCfg = Debug|Any CPU
		{C438017D-725C-4E5F-824A-A5C964196C79}.Debug|Any CPU.Build.0 = Debug|Any CPU
		{C438017D-725C-4E5F-824A-A5C964196C79}.Release|Any CPU.ActiveCfg = Release|Any CPU
		{C438017D-725C-4E5F-824A-A5C964196C79}.Release|Any CPU.Build.0 = Release|Any CPU
		{9F6A58A9-2E51-42B8-BF6C-E7E144CA00FF}.Debug|Any CPU.ActiveCfg = Debug|Any CPU
		{9F6A58A9-2E51-42B8-BF6C-E7E144CA00FF}.Debug|Any CPU.Build.0 = Debug|Any CPU
		{9F6A58A9-2E51-42B8-BF6C-E7E144CA00FF}.Release|Any CPU.ActiveCfg = Release|Any CPU
		{9F6A58A9-2E51-42B8-BF6C-E7E144CA00FF}.Release|Any CPU.Build.0 = Release|Any CPU
		{9FE80806-3EC0-4812-AD87-0DB460E75A2B}.Debug|Any CPU.ActiveCfg = Debug|Any CPU
		{9FE80806-3EC0-4812-AD87-0DB460E75A2B}.Debug|Any CPU.Build.0 = Debug|Any CPU
		{9FE80806-3EC0-4812-AD87-0DB460E75A2B}.Release|Any CPU.ActiveCfg = Release|Any CPU
		{9FE80806-3EC0-4812-AD87-0DB460E75A2B}.Release|Any CPU.Build.0 = Release|Any CPU
		{996F1F5F-7D76-446C-9C80-384478891F1E}.Debug|Any CPU.ActiveCfg = Debug|Any CPU
		{996F1F5F-7D76-446C-9C80-384478891F1E}.Debug|Any CPU.Build.0 = Debug|Any CPU
		{996F1F5F-7D76-446C-9C80-384478891F1E}.Release|Any CPU.ActiveCfg = Release|Any CPU
		{996F1F5F-7D76-446C-9C80-384478891F1E}.Release|Any CPU.Build.0 = Release|Any CPU
		{1B293FBA-1308-4168-8952-850AFC271A17}.Debug|Any CPU.ActiveCfg = Debug|Any CPU
		{1B293FBA-1308-4168-8952-850AFC271A17}.Debug|Any CPU.Build.0 = Debug|Any CPU
		{1B293FBA-1308-4168-8952-850AFC271A17}.Release|Any CPU.ActiveCfg = Release|Any CPU
		{1B293FBA-1308-4168-8952-850AFC271A17}.Release|Any CPU.Build.0 = Release|Any CPU
		{46218EF8-D92D-49AE-8338-82482852EBF2}.Debug|Any CPU.ActiveCfg = Debug|Any CPU
		{46218EF8-D92D-49AE-8338-82482852EBF2}.Debug|Any CPU.Build.0 = Debug|Any CPU
		{46218EF8-D92D-49AE-8338-82482852EBF2}.Release|Any CPU.ActiveCfg = Release|Any CPU
		{46218EF8-D92D-49AE-8338-82482852EBF2}.Release|Any CPU.Build.0 = Release|Any CPU
		{E0914F4E-A7E4-44D6-A688-093CC4011B97}.Debug|Any CPU.ActiveCfg = Debug|Any CPU
		{E0914F4E-A7E4-44D6-A688-093CC4011B97}.Debug|Any CPU.Build.0 = Debug|Any CPU
		{E0914F4E-A7E4-44D6-A688-093CC4011B97}.Release|Any CPU.ActiveCfg = Release|Any CPU
		{E0914F4E-A7E4-44D6-A688-093CC4011B97}.Release|Any CPU.Build.0 = Release|Any CPU
		{C8F64A10-D1F1-4915-A19F-F5E296435EBF}.Debug|Any CPU.ActiveCfg = Debug|Any CPU
		{C8F64A10-D1F1-4915-A19F-F5E296435EBF}.Debug|Any CPU.Build.0 = Debug|Any CPU
		{C8F64A10-D1F1-4915-A19F-F5E296435EBF}.Release|Any CPU.ActiveCfg = Release|Any CPU
		{C8F64A10-D1F1-4915-A19F-F5E296435EBF}.Release|Any CPU.Build.0 = Release|Any CPU
		{5A4EDE08-9308-4C04-95DA-250CC6A9E052}.Debug|Any CPU.ActiveCfg = Debug|Any CPU
		{5A4EDE08-9308-4C04-95DA-250CC6A9E052}.Debug|Any CPU.Build.0 = Debug|Any CPU
		{5A4EDE08-9308-4C04-95DA-250CC6A9E052}.Release|Any CPU.ActiveCfg = Release|Any CPU
		{5A4EDE08-9308-4C04-95DA-250CC6A9E052}.Release|Any CPU.Build.0 = Release|Any CPU
		{6E9D9453-CC8E-4A67-87DF-0CC93108E8D8}.Debug|Any CPU.ActiveCfg = Debug|Any CPU
		{6E9D9453-CC8E-4A67-87DF-0CC93108E8D8}.Debug|Any CPU.Build.0 = Debug|Any CPU
		{6E9D9453-CC8E-4A67-87DF-0CC93108E8D8}.Release|Any CPU.ActiveCfg = Release|Any CPU
		{6E9D9453-CC8E-4A67-87DF-0CC93108E8D8}.Release|Any CPU.Build.0 = Release|Any CPU
		{F7A6F5B6-F1E0-4E63-B969-707C5597A2E9}.Debug|Any CPU.ActiveCfg = Debug|Any CPU
		{F7A6F5B6-F1E0-4E63-B969-707C5597A2E9}.Debug|Any CPU.Build.0 = Debug|Any CPU
		{F7A6F5B6-F1E0-4E63-B969-707C5597A2E9}.Release|Any CPU.ActiveCfg = Release|Any CPU
		{F7A6F5B6-F1E0-4E63-B969-707C5597A2E9}.Release|Any CPU.Build.0 = Release|Any CPU
		{25DC61F3-B0C5-4030-9029-585250DFB623}.Debug|Any CPU.ActiveCfg = Debug|Any CPU
		{25DC61F3-B0C5-4030-9029-585250DFB623}.Debug|Any CPU.Build.0 = Debug|Any CPU
		{25DC61F3-B0C5-4030-9029-585250DFB623}.Release|Any CPU.ActiveCfg = Release|Any CPU
		{25DC61F3-B0C5-4030-9029-585250DFB623}.Release|Any CPU.Build.0 = Release|Any CPU
		{FC6B6148-2804-48A8-B77F-73DB47DFE0D0}.Debug|Any CPU.ActiveCfg = Debug|Any CPU
		{FC6B6148-2804-48A8-B77F-73DB47DFE0D0}.Debug|Any CPU.Build.0 = Debug|Any CPU
		{FC6B6148-2804-48A8-B77F-73DB47DFE0D0}.Release|Any CPU.ActiveCfg = Release|Any CPU
		{FC6B6148-2804-48A8-B77F-73DB47DFE0D0}.Release|Any CPU.Build.0 = Release|Any CPU
	EndGlobalSection
	GlobalSection(SolutionProperties) = preSolution
		HideSolutionNode = FALSE
	EndGlobalSection
	GlobalSection(NestedProjects) = preSolution
		{47E38DAF-C764-445C-8F31-6CC9063DBD6A} = {F0B0DB84-FF83-46A2-B98D-36FADFC1164F}
		{867CEB29-B468-459A-ABAB-99E219C7DC23} = {F0B0DB84-FF83-46A2-B98D-36FADFC1164F}
		{C8380FFC-58C4-474F-B3A5-D64EE3E1F12F} = {F0B0DB84-FF83-46A2-B98D-36FADFC1164F}
		{46F7629E-AB0F-4664-8BF1-47D84A28680E} = {53FBC54C-10D9-4562-8F16-1F86BB5C4604}
		{9E1CE58D-8A73-45D2-A284-78D2C4FAC584} = {53FBC54C-10D9-4562-8F16-1F86BB5C4604}
		{C438017D-725C-4E5F-824A-A5C964196C79} = {53FBC54C-10D9-4562-8F16-1F86BB5C4604}
		{9F6A58A9-2E51-42B8-BF6C-E7E144CA00FF} = {A8A42F65-F221-414C-A9CD-E31D59AA6A54}
		{9FE80806-3EC0-4812-AD87-0DB460E75A2B} = {A8A42F65-F221-414C-A9CD-E31D59AA6A54}
		{996F1F5F-7D76-446C-9C80-384478891F1E} = {A8A42F65-F221-414C-A9CD-E31D59AA6A54}
		{1B293FBA-1308-4168-8952-850AFC271A17} = {2C7FB21A-F863-4C14-BEF7-B48BC0D85BCD}
		{46218EF8-D92D-49AE-8338-82482852EBF2} = {2C7FB21A-F863-4C14-BEF7-B48BC0D85BCD}
		{E0914F4E-A7E4-44D6-A688-093CC4011B97} = {2C7FB21A-F863-4C14-BEF7-B48BC0D85BCD}
		{C8F64A10-D1F1-4915-A19F-F5E296435EBF} = {46D85E4F-789B-4106-A8D6-F24E08EFF6AF}
		{5A4EDE08-9308-4C04-95DA-250CC6A9E052} = {46D85E4F-789B-4106-A8D6-F24E08EFF6AF}
		{6E9D9453-CC8E-4A67-87DF-0CC93108E8D8} = {46D85E4F-789B-4106-A8D6-F24E08EFF6AF}
		{F7A6F5B6-F1E0-4E63-B969-707C5597A2E9} = {5F7CBF6E-EDE8-4EC8-97C6-68BB43D6AF3D}
		{25DC61F3-B0C5-4030-9029-585250DFB623} = {5F7CBF6E-EDE8-4EC8-97C6-68BB43D6AF3D}
		{FC6B6148-2804-48A8-B77F-73DB47DFE0D0} = {5F7CBF6E-EDE8-4EC8-97C6-68BB43D6AF3D}
	EndGlobalSection
	GlobalSection(ExtensibilityGlobals) = postSolution
		SolutionGuid = {21066F8E-196C-4AC2-89D4-EC5F17BDA2D8}
	EndGlobalSection
EndGlobal
